
Microsoft Visual Studio Solution File, Format Version 12.00
# Visual Studio Version 16
VisualStudioVersion = 16.0.30907.101
MinimumVisualStudioVersion = 10.0.40219.1
Project("{9A19103F-16F7-4668-BE54-9A1E7A4F7556}") = "APITemplate", "API\APITemplate.csproj", "{081E23D4-E766-4FDE-815E-2867AC984763}"
EndProject
Global
	GlobalSection(SolutionConfigurationPlatforms) = preSolution
		Debug|Any CPU = Debug|Any CPU
		Release|Any CPU = Release|Any CPU
	EndGlobalSection
	GlobalSection(ProjectConfigurationPlatforms) = postSolution
		{081E23D4-E766-4FDE-815E-2867AC984763}.Debug|Any CPU.ActiveCfg = Debug|Any CPU
		{081E23D4-E766-4FDE-815E-2867AC984763}.Debug|Any CPU.Build.0 = Debug|Any CPU
		{081E23D4-E766-4FDE-815E-2867AC984763}.Release|Any CPU.ActiveCfg = Release|Any CPU
		{081E23D4-E766-4FDE-815E-2867AC984763}.Release|Any CPU.Build.0 = Release|Any CPU
	EndGlobalSection
	GlobalSection(SolutionProperties) = preSolution
		HideSolutionNode = FALSE
	EndGlobalSection
	GlobalSection(ExtensibilityGlobals) = postSolution
		SolutionGuid = {195EAD4C-FBA7-448D-A2BE-F3B291B0C405}
	EndGlobalSection
EndGlobal
